// !$*UTF8*$!
{
	archiveVersion = 1;
	classes = {
	};
	objectVersion = 56;
	objects = {

/* Begin PBXBuildFile section */
		FF60CA9C2C3EA32A00CAE6ED /* AppDelegate.swift in Sources */ = {isa = PBXBuildFile; fileRef = FF60CA9B2C3EA32A00CAE6ED /* AppDelegate.swift */; };
		FF60CA9E2C3EA32A00CAE6ED /* SceneDelegate.swift in Sources */ = {isa = PBXBuildFile; fileRef = FF60CA9D2C3EA32A00CAE6ED /* SceneDelegate.swift */; };
		FF60CAA02C3EA32A00CAE6ED /* ViewController.swift in Sources */ = {isa = PBXBuildFile; fileRef = FF60CA9F2C3EA32A00CAE6ED /* ViewController.swift */; };
		FF60CAA32C3EA32A00CAE6ED /* Base in Resources */ = {isa = PBXBuildFile; fileRef = FF60CAA22C3EA32A00CAE6ED /* Base */; };
		FF60CAA52C3EA32D00CAE6ED /* Assets.xcassets in Resources */ = {isa = PBXBuildFile; fileRef = FF60CAA42C3EA32D00CAE6ED /* Assets.xcassets */; };
		FF60CAA82C3EA32D00CAE6ED /* Base in Resources */ = {isa = PBXBuildFile; fileRef = FF60CAA72C3EA32D00CAE6ED /* Base */; };
		FF60CAB32C3EA32D00CAE6ED /* testTests.swift in Sources */ = {isa = PBXBuildFile; fileRef = FF60CAB22C3EA32D00CAE6ED /* testTests.swift */; };
		FF60CABD2C3EA32D00CAE6ED /* testUITests.swift in Sources */ = {isa = PBXBuildFile; fileRef = FF60CABC2C3EA32D00CAE6ED /* testUITests.swift */; };
		FF60CABF2C3EA32D00CAE6ED /* testUITestsLaunchTests.swift in Sources */ = {isa = PBXBuildFile; fileRef = FF60CABE2C3EA32D00CAE6ED /* testUITestsLaunchTests.swift */; };
/* End PBXBuildFile section */

/* Begin PBXContainerItemProxy section */
		FF60CAAF2C3EA32D00CAE6ED /* PBXContainerItemProxy */ = {
			isa = PBXContainerItemProxy;
			containerPortal = FF60CA902C3EA32A00CAE6ED /* Project object */;
			proxyType = 1;
			remoteGlobalIDString = FF60CA972C3EA32A00CAE6ED;
			remoteInfo = test;
		};
		FF60CAB92C3EA32D00CAE6ED /* PBXContainerItemProxy */ = {
			isa = PBXContainerItemProxy;
			containerPortal = FF60CA902C3EA32A00CAE6ED /* Project object */;
			proxyType = 1;
			remoteGlobalIDString = FF60CA972C3EA32A00CAE6ED;
			remoteInfo = test;
		};
/* End PBXContainerItemProxy section */

/* Begin PBXFileReference section */
		FF60CA982C3EA32A00CAE6ED /* test.app */ = {isa = PBXFileReference; explicitFileType = wrapper.application; includeInIndex = 0; path = test.app; sourceTree = BUILT_PRODUCTS_DIR; };
		FF60CA9B2C3EA32A00CAE6ED /* AppDelegate.swift */ = {isa = PBXFileReference; lastKnownFileType = sourcecode.swift; path = AppDelegate.swift; sourceTree = "<group>"; };
		FF60CA9D2C3EA32A00CAE6ED /* SceneDelegate.swift */ = {isa = PBXFileReference; lastKnownFileType = sourcecode.swift; path = SceneDelegate.swift; sourceTree = "<group>"; };
		FF60CA9F2C3EA32A00CAE6ED /* ViewController.swift */ = {isa = PBXFileReference; lastKnownFileType = sourcecode.swift; path = ViewController.swift; sourceTree = "<group>"; };
		FF60CAA22C3EA32A00CAE6ED /* Base */ = {isa = PBXFileReference; lastKnownFileType = file.storyboard; name = Base; path = Base.lproj/Main.storyboard; sourceTree = "<group>"; };
		FF60CAA42C3EA32D00CAE6ED /* Assets.xcassets */ = {isa = PBXFileReference; lastKnownFileType = folder.assetcatalog; path = Assets.xcassets; sourceTree = "<group>"; };
		FF60CAA72C3EA32D00CAE6ED /* Base */ = {isa = PBXFileReference; lastKnownFileType = file.storyboard; name = Base; path = Base.lproj/LaunchScreen.storyboard; sourceTree = "<group>"; };
		FF60CAA92C3EA32D00CAE6ED /* Info.plist */ = {isa = PBXFileReference; lastKnownFileType = text.plist.xml; path = Info.plist; sourceTree = "<group>"; };
		FF60CAAE2C3EA32D00CAE6ED /* testTests.xctest */ = {isa = PBXFileReference; explicitFileType = wrapper.cfbundle; includeInIndex = 0; path = testTests.xctest; sourceTree = BUILT_PRODUCTS_DIR; };
		FF60CAB22C3EA32D00CAE6ED /* testTests.swift */ = {isa = PBXFileReference; lastKnownFileType = sourcecode.swift; path = testTests.swift; sourceTree = "<group>"; };
		FF60CAB82C3EA32D00CAE6ED /* testUITests.xctest */ = {isa = PBXFileReference; explicitFileType = wrapper.cfbundle; includeInIndex = 0; path = testUITests.xctest; sourceTree = BUILT_PRODUCTS_DIR; };
		FF60CABC2C3EA32D00CAE6ED /* testUITests.swift */ = {isa = PBXFileReference; lastKnownFileType = sourcecode.swift; path = testUITests.swift; sourceTree = "<group>"; };
		FF60CABE2C3EA32D00CAE6ED /* testUITestsLaunchTests.swift */ = {isa = PBXFileReference; lastKnownFileType = sourcecode.swift; path = testUITestsLaunchTests.swift; sourceTree = "<group>"; };
/* End PBXFileReference section */

/* Begin PBXFrameworksBuildPhase section */
		FF60CA952C3EA32A00CAE6ED /* Frameworks */ = {
			isa = PBXFrameworksBuildPhase;
			buildActionMask = 2147483647;
			files = (
			);
			runOnlyForDeploymentPostprocessing = 0;
		};
		FF60CAAB2C3EA32D00CAE6ED /* Frameworks */ = {
			isa = PBXFrameworksBuildPhase;
			buildActionMask = 2147483647;
			files = (
			);
			runOnlyForDeploymentPostprocessing = 0;
		};
		FF60CAB52C3EA32D00CAE6ED /* Frameworks */ = {
			isa = PBXFrameworksBuildPhase;
			buildActionMask = 2147483647;
			files = (
			);
			runOnlyForDeploymentPostprocessing = 0;
		};
/* End PBXFrameworksBuildPhase section */

/* Begin PBXGroup section */
		FF60CA8F2C3EA32A00CAE6ED = {
			isa = PBXGroup;
			children = (
				FF60CA9A2C3EA32A00CAE6ED /* test */,
				FF60CAB12C3EA32D00CAE6ED /* testTests */,
				FF60CABB2C3EA32D00CAE6ED /* testUITests */,
				FF60CA992C3EA32A00CAE6ED /* Products */,
			);
			sourceTree = "<group>";
		};
		FF60CA992C3EA32A00CAE6ED /* Products */ = {
			isa = PBXGroup;
			children = (
				FF60CA982C3EA32A00CAE6ED /* test.app */,
				FF60CAAE2C3EA32D00CAE6ED /* testTests.xctest */,
				FF60CAB82C3EA32D00CAE6ED /* testUITests.xctest */,
			);
			name = Products;
			sourceTree = "<group>";
		};
		FF60CA9A2C3EA32A00CAE6ED /* test */ = {
			isa = PBXGroup;
			children = (
				FF60CA9B2C3EA32A00CAE6ED /* AppDelegate.swift */,
				FF60CA9D2C3EA32A00CAE6ED /* SceneDelegate.swift */,
				FF60CA9F2C3EA32A00CAE6ED /* ViewController.swift */,
				FF60CAA12C3EA32A00CAE6ED /* Main.storyboard */,
				FF60CAA42C3EA32D00CAE6ED /* Assets.xcassets */,
				FF60CAA62C3EA32D00CAE6ED /* LaunchScreen.storyboard */,
				FF60CAA92C3EA32D00CAE6ED /* Info.plist */,
			);
			path = test;
			sourceTree = "<group>";
		};
		FF60CAB12C3EA32D00CAE6ED /* testTests */ = {
			isa = PBXGroup;
			children = (
				FF60CAB22C3EA32D00CAE6ED /* testTests.swift */,
			);
			path = testTests;
			sourceTree = "<group>";
		};
		FF60CABB2C3EA32D00CAE6ED /* testUITests */ = {
			isa = PBXGroup;
			children = (
				FF60CABC2C3EA32D00CAE6ED /* testUITests.swift */,
				FF60CABE2C3EA32D00CAE6ED /* testUITestsLaunchTests.swift */,
			);
			path = testUITests;
			sourceTree = "<group>";
		};
/* End PBXGroup section */

/* Begin PBXNativeTarget section */
		FF60CA972C3EA32A00CAE6ED /* test */ = {
			isa = PBXNativeTarget;
			buildConfigurationList = FF60CAC22C3EA32D00CAE6ED /* Build configuration list for PBXNativeTarget "test" */;
			buildPhases = (
				FF60CA942C3EA32A00CAE6ED /* Sources */,
				FF60CA952C3EA32A00CAE6ED /* Frameworks */,
				FF60CA962C3EA32A00CAE6ED /* Resources */,
			);
			buildRules = (
			);
			dependencies = (
			);
			name = test;
			productName = test;
			productReference = FF60CA982C3EA32A00CAE6ED /* test.app */;
			productType = "com.apple.product-type.application";
		};
		FF60CAAD2C3EA32D00CAE6ED /* testTests */ = {
			isa = PBXNativeTarget;
			buildConfigurationList = FF60CAC52C3EA32D00CAE6ED /* Build configuration list for PBXNativeTarget "testTests" */;
			buildPhases = (
				FF60CAAA2C3EA32D00CAE6ED /* Sources */,
				FF60CAAB2C3EA32D00CAE6ED /* Frameworks */,
				FF60CAAC2C3EA32D00CAE6ED /* Resources */,
			);
			buildRules = (
			);
			dependencies = (
				FF60CAB02C3EA32D00CAE6ED /* PBXTargetDependency */,
			);
			name = testTests;
			productName = testTests;
			productReference = FF60CAAE2C3EA32D00CAE6ED /* testTests.xctest */;
			productType = "com.apple.product-type.bundle.unit-test";
		};
		FF60CAB72C3EA32D00CAE6ED /* testUITests */ = {
			isa = PBXNativeTarget;
			buildConfigurationList = FF60CAC82C3EA32D00CAE6ED /* Build configuration list for PBXNativeTarget "testUITests" */;
			buildPhases = (
				FF60CAB42C3EA32D00CAE6ED /* Sources */,
				FF60CAB52C3EA32D00CAE6ED /* Frameworks */,
				FF60CAB62C3EA32D00CAE6ED /* Resources */,
			);
			buildRules = (
			);
			dependencies = (
				FF60CABA2C3EA32D00CAE6ED /* PBXTargetDependency */,
			);
			name = testUITests;
			productName = testUITests;
			productReference = FF60CAB82C3EA32D00CAE6ED /* testUITests.xctest */;
			productType = "com.apple.product-type.bundle.ui-testing";
		};
/* End PBXNativeTarget section */

/* Begin PBXProject section */
		FF60CA902C3EA32A00CAE6ED /* Project object */ = {
			isa = PBXProject;
			attributes = {
				BuildIndependentTargetsInParallel = 1;
				LastSwiftUpdateCheck = 1540;
				LastUpgradeCheck = 1540;
				TargetAttributes = {
					FF60CA972C3EA32A00CAE6ED = {
						CreatedOnToolsVersion = 15.4;
					};
					FF60CAAD2C3EA32D00CAE6ED = {
						CreatedOnToolsVersion = 15.4;
						TestTargetID = FF60CA972C3EA32A00CAE6ED;
					};
					FF60CAB72C3EA32D00CAE6ED = {
						CreatedOnToolsVersion = 15.4;
						TestTargetID = FF60CA972C3EA32A00CAE6ED;
					};
				};
			};
			buildConfigurationList = FF60CA932C3EA32A00CAE6ED /* Build configuration list for PBXProject "test" */;
			compatibilityVersion = "Xcode 14.0";
			developmentRegion = en;
			hasScannedForEncodings = 0;
			knownRegions = (
				en,
				Base,
			);
			mainGroup = FF60CA8F2C3EA32A00CAE6ED;
			productRefGroup = FF60CA992C3EA32A00CAE6ED /* Products */;
			projectDirPath = "";
			projectRoot = "";
			targets = (
				FF60CA972C3EA32A00CAE6ED /* test */,
				FF60CAAD2C3EA32D00CAE6ED /* testTests */,
				FF60CAB72C3EA32D00CAE6ED /* testUITests */,
			);
		};
/* End PBXProject section */

/* Begin PBXResourcesBuildPhase section */
		FF60CA962C3EA32A00CAE6ED /* Resources */ = {
			isa = PBXResourcesBuildPhase;
			buildActionMask = 2147483647;
			files = (
				FF60CAA52C3EA32D00CAE6ED /* Assets.xcassets in Resources */,
				FF60CAA82C3EA32D00CAE6ED /* Base in Resources */,
				FF60CAA32C3EA32A00CAE6ED /* Base in Resources */,
			);
			runOnlyForDeploymentPostprocessing = 0;
		};
		FF60CAAC2C3EA32D00CAE6ED /* Resources */ = {
			isa = PBXResourcesBuildPhase;
			buildActionMask = 2147483647;
			files = (
			);
			runOnlyForDeploymentPostprocessing = 0;
		};
		FF60CAB62C3EA32D00CAE6ED /* Resources */ = {
			isa = PBXResourcesBuildPhase;
			buildActionMask = 2147483647;
			files = (
			);
			runOnlyForDeploymentPostprocessing = 0;
		};
/* End PBXResourcesBuildPhase section */

/* Begin PBXSourcesBuildPhase section */
		FF60CA942C3EA32A00CAE6ED /* Sources */ = {
			isa = PBXSourcesBuildPhase;
			buildActionMask = 2147483647;
			files = (
				FF60CAA02C3EA32A00CAE6ED /* ViewController.swift in Sources */,
				FF60CA9C2C3EA32A00CAE6ED /* AppDelegate.swift in Sources */,
				FF60CA9E2C3EA32A00CAE6ED /* SceneDelegate.swift in Sources */,
			);
			runOnlyForDeploymentPostprocessing = 0;
		};
		FF60CAAA2C3EA32D00CAE6ED /* Sources */ = {
			isa = PBXSourcesBuildPhase;
			buildActionMask = 2147483647;
			files = (
				FF60CAB32C3EA32D00CAE6ED /* testTests.swift in Sources */,
			);
			runOnlyForDeploymentPostprocessing = 0;
		};
		FF60CAB42C3EA32D00CAE6ED /* Sources */ = {
			isa = PBXSourcesBuildPhase;
			buildActionMask = 2147483647;
			files = (
				FF60CABF2C3EA32D00CAE6ED /* testUITestsLaunchTests.swift in Sources */,
				FF60CABD2C3EA32D00CAE6ED /* testUITests.swift in Sources */,
			);
			runOnlyForDeploymentPostprocessing = 0;
		};
/* End PBXSourcesBuildPhase section */

/* Begin PBXTargetDependency section */
		FF60CAB02C3EA32D00CAE6ED /* PBXTargetDependency */ = {
			isa = PBXTargetDependency;
			target = FF60CA972C3EA32A00CAE6ED /* test */;
			targetProxy = FF60CAAF2C3EA32D00CAE6ED /* PBXContainerItemProxy */;
		};
		FF60CABA2C3EA32D00CAE6ED /* PBXTargetDependency */ = {
			isa = PBXTargetDependency;
			target = FF60CA972C3EA32A00CAE6ED /* test */;
			targetProxy = FF60CAB92C3EA32D00CAE6ED /* PBXContainerItemProxy */;
		};
/* End PBXTargetDependency section */

/* Begin PBXVariantGroup section */
		FF60CAA12C3EA32A00CAE6ED /* Main.storyboard */ = {
			isa = PBXVariantGroup;
			children = (
				FF60CAA22C3EA32A00CAE6ED /* Base */,
			);
			name = Main.storyboard;
			sourceTree = "<group>";
		};
		FF60CAA62C3EA32D00CAE6ED /* LaunchScreen.storyboard */ = {
			isa = PBXVariantGroup;
			children = (
				FF60CAA72C3EA32D00CAE6ED /* Base */,
			);
			name = LaunchScreen.storyboard;
			sourceTree = "<group>";
		};
/* End PBXVariantGroup section */

/* Begin XCBuildConfiguration section */
		FF60CAC02C3EA32D00CAE6ED /* Debug */ = {
			isa = XCBuildConfiguration;
			buildSettings = {
				ALWAYS_SEARCH_USER_PATHS = NO;
				ASSETCATALOG_COMPILER_GENERATE_SWIFT_ASSET_SYMBOL_EXTENSIONS = YES;
				CLANG_ANALYZER_NONNULL = YES;
				CLANG_ANALYZER_NUMBER_OBJECT_CONVERSION = YES_AGGRESSIVE;
				CLANG_CXX_LANGUAGE_STANDARD = "gnu++20";
				CLANG_ENABLE_MODULES = YES;
				CLANG_ENABLE_OBJC_ARC = YES;
				CLANG_ENABLE_OBJC_WEAK = YES;
				CLANG_WARN_BLOCK_CAPTURE_AUTORELEASING = YES;
				CLANG_WARN_BOOL_CONVERSION = YES;
				CLANG_WARN_COMMA = YES;
				CLANG_WARN_CONSTANT_CONVERSION = YES;
				CLANG_WARN_DEPRECATED_OBJC_IMPLEMENTATIONS = YES;
				CLANG_WARN_DIRECT_OBJC_ISA_USAGE = YES_ERROR;
				CLANG_WARN_DOCUMENTATION_COMMENTS = YES;
				CLANG_WARN_EMPTY_BODY = YES;
				CLANG_WARN_ENUM_CONVERSION = YES;
				CLANG_WARN_INFINITE_RECURSION = YES;
				CLANG_WARN_INT_CONVERSION = YES;
				CLANG_WARN_NON_LITERAL_NULL_CONVERSION = YES;
				CLANG_WARN_OBJC_IMPLICIT_RETAIN_SELF = YES;
				CLANG_WARN_OBJC_LITERAL_CONVERSION = YES;
				CLANG_WARN_OBJC_ROOT_CLASS = YES_ERROR;
				CLANG_WARN_QUOTED_INCLUDE_IN_FRAMEWORK_HEADER = YES;
				CLANG_WARN_RANGE_LOOP_ANALYSIS = YES;
				CLANG_WARN_STRICT_PROTOTYPES = YES;
				CLANG_WARN_SUSPICIOUS_MOVE = YES;
				CLANG_WARN_UNGUARDED_AVAILABILITY = YES_AGGRESSIVE;
				CLANG_WARN_UNREACHABLE_CODE = YES;
				CLANG_WARN__DUPLICATE_METHOD_MATCH = YES;
				COPY_PHASE_STRIP = NO;
				DEBUG_INFORMATION_FORMAT = dwarf;
				ENABLE_STRICT_OBJC_MSGSEND = YES;
				ENABLE_TESTABILITY = YES;
				ENABLE_USER_SCRIPT_SANDBOXING = YES;
				GCC_C_LANGUAGE_STANDARD = gnu17;
				GCC_DYNAMIC_NO_PIC = NO;
				GCC_NO_COMMON_BLOCKS = YES;
				GCC_OPTIMIZATION_LEVEL = 0;
				GCC_PREPROCESSOR_DEFINITIONS = (
					"DEBUG=1",
					"$(inherited)",
				);
				GCC_WARN_64_TO_32_BIT_CONVERSION = YES;
				GCC_WARN_ABOUT_RETURN_TYPE = YES_ERROR;
				GCC_WARN_UNDECLARED_SELECTOR = YES;
				GCC_WARN_UNINITIALIZED_AUTOS = YES_AGGRESSIVE;
				GCC_WARN_UNUSED_FUNCTION = YES;
				GCC_WARN_UNUSED_VARIABLE = YES;
				IPHONEOS_DEPLOYMENT_TARGET = 17.5;
				LOCALIZATION_PREFERS_STRING_CATALOGS = YES;
				MTL_ENABLE_DEBUG_INFO = INCLUDE_SOURCE;
				MTL_FAST_MATH = YES;
				ONLY_ACTIVE_ARCH = YES;
				SDKROOT = iphoneos;
				SWIFT_ACTIVE_COMPILATION_CONDITIONS = "DEBUG $(inherited)";
				SWIFT_OPTIMIZATION_LEVEL = "-Onone";
			};
			name = Debug;
		};
		FF60CAC12C3EA32D00CAE6ED /* Release */ = {
			isa = XCBuildConfiguration;
			buildSettings = {
				ALWAYS_SEARCH_USER_PATHS = NO;
				ASSETCATALOG_COMPILER_GENERATE_SWIFT_ASSET_SYMBOL_EXTENSIONS = YES;
				CLANG_ANALYZER_NONNULL = YES;
				CLANG_ANALYZER_NUMBER_OBJECT_CONVERSION = YES_AGGRESSIVE;
				CLANG_CXX_LANGUAGE_STANDARD = "gnu++20";
				CLANG_ENABLE_MODULES = YES;
				CLANG_ENABLE_OBJC_ARC = YES;
				CLANG_ENABLE_OBJC_WEAK = YES;
				CLANG_WARN_BLOCK_CAPTURE_AUTORELEASING = YES;
				CLANG_WARN_BOOL_CONVERSION = YES;
				CLANG_WARN_COMMA = YES;
				CLANG_WARN_CONSTANT_CONVERSION = YES;
				CLANG_WARN_DEPRECATED_OBJC_IMPLEMENTATIONS = YES;
				CLANG_WARN_DIRECT_OBJC_ISA_USAGE = YES_ERROR;
				CLANG_WARN_DOCUMENTATION_COMMENTS = YES;
				CLANG_WARN_EMPTY_BODY = YES;
				CLANG_WARN_ENUM_CONVERSION = YES;
				CLANG_WARN_INFINITE_RECURSION = YES;
				CLANG_WARN_INT_CONVERSION = YES;
				CLANG_WARN_NON_LITERAL_NULL_CONVERSION = YES;
				CLANG_WARN_OBJC_IMPLICIT_RETAIN_SELF = YES;
				CLANG_WARN_OBJC_LITERAL_CONVERSION = YES;
				CLANG_WARN_OBJC_ROOT_CLASS = YES_ERROR;
				CLANG_WARN_QUOTED_INCLUDE_IN_FRAMEWORK_HEADER = YES;
				CLANG_WARN_RANGE_LOOP_ANALYSIS = YES;
				CLANG_WARN_STRICT_PROTOTYPES = YES;
				CLANG_WARN_SUSPICIOUS_MOVE = YES;
				CLANG_WARN_UNGUARDED_AVAILABILITY = YES_AGGRESSIVE;
				CLANG_WARN_UNREACHABLE_CODE = YES;
				CLANG_WARN__DUPLICATE_METHOD_MATCH = YES;
				COPY_PHASE_STRIP = NO;
				DEBUG_INFORMATION_FORMAT = "dwarf-with-dsym";
				ENABLE_NS_ASSERTIONS = NO;
				ENABLE_STRICT_OBJC_MSGSEND = YES;
				ENABLE_USER_SCRIPT_SANDBOXING = YES;
				GCC_C_LANGUAGE_STANDARD = gnu17;
				GCC_NO_COMMON_BLOCKS = YES;
				GCC_WARN_64_TO_32_BIT_CONVERSION = YES;
				GCC_WARN_ABOUT_RETURN_TYPE = YES_ERROR;
				GCC_WARN_UNDECLARED_SELECTOR = YES;
				GCC_WARN_UNINITIALIZED_AUTOS = YES_AGGRESSIVE;
				GCC_WARN_UNUSED_FUNCTION = YES;
				GCC_WARN_UNUSED_VARIABLE = YES;
				IPHONEOS_DEPLOYMENT_TARGET = 17.5;
				LOCALIZATION_PREFERS_STRING_CATALOGS = YES;
				MTL_ENABLE_DEBUG_INFO = NO;
				MTL_FAST_MATH = YES;
				SDKROOT = iphoneos;
				SWIFT_COMPILATION_MODE = wholemodule;
				VALIDATE_PRODUCT = YES;
			};
			name = Release;
		};
		FF60CAC32C3EA32D00CAE6ED /* Debug */ = {
			isa = XCBuildConfiguration;
			buildSettings = {
				ASSETCATALOG_COMPILER_APPICON_NAME = AppIcon;
				ASSETCATALOG_COMPILER_GLOBAL_ACCENT_COLOR_NAME = AccentColor;
				CODE_SIGN_STYLE = Automatic;
				CURRENT_PROJECT_VERSION = 1;
				DEVELOPMENT_TEAM = 2V4U7L99P9;
				GENERATE_INFOPLIST_FILE = YES;
				INFOPLIST_FILE = test/Info.plist;
				INFOPLIST_KEY_UIApplicationSupportsIndirectInputEvents = YES;
				INFOPLIST_KEY_UILaunchStoryboardName = LaunchScreen;
				INFOPLIST_KEY_UIMainStoryboardFile = Main;
				INFOPLIST_KEY_UISupportedInterfaceOrientations_iPad = "UIInterfaceOrientationPortrait UIInterfaceOrientationPortraitUpsideDown UIInterfaceOrientationLandscapeLeft UIInterfaceOrientationLandscapeRight";
				INFOPLIST_KEY_UISupportedInterfaceOrientations_iPhone = "UIInterfaceOrientationPortrait UIInterfaceOrientationLandscapeLeft UIInterfaceOrientationLandscapeRight";
				LD_RUNPATH_SEARCH_PATHS = (
					"$(inherited)",
					"@executable_path/Frameworks",
				);
				MARKETING_VERSION = 1.0;
				PRODUCT_BUNDLE_IDENTIFIER = com.chikku.hackingwithswift.test;
				PRODUCT_NAME = "$(TARGET_NAME)";
				SWIFT_EMIT_LOC_STRINGS = YES;
				SWIFT_VERSION = 5.0;
				TARGETED_DEVICE_FAMILY = "1,2";
			};
			name = Debug;
		};
		FF60CAC42C3EA32D00CAE6ED /* Release */ = {
			isa = XCBuildConfiguration;
			buildSettings = {
				ASSETCATALOG_COMPILER_APPICON_NAME = AppIcon;
				ASSETCATALOG_COMPILER_GLOBAL_ACCENT_COLOR_NAME = AccentColor;
				CODE_SIGN_STYLE = Automatic;
				CURRENT_PROJECT_VERSION = 1;
				DEVELOPMENT_TEAM = 2V4U7L99P9;
				GENERATE_INFOPLIST_FILE = YES;
				INFOPLIST_FILE = test/Info.plist;
				INFOPLIST_KEY_UIApplicationSupportsIndirectInputEvents = YES;
				INFOPLIST_KEY_UILaunchStoryboardName = LaunchScreen;
				INFOPLIST_KEY_UIMainStoryboardFile = Main;
				INFOPLIST_KEY_UISupportedInterfaceOrientations_iPad = "UIInterfaceOrientationPortrait UIInterfaceOrientationPortraitUpsideDown UIInterfaceOrientationLandscapeLeft UIInterfaceOrientationLandscapeRight";
				INFOPLIST_KEY_UISupportedInterfaceOrientations_iPhone = "UIInterfaceOrientationPortrait UIInterfaceOrientationLandscapeLeft UIInterfaceOrientationLandscapeRight";
				LD_RUNPATH_SEARCH_PATHS = (
					"$(inherited)",
					"@executable_path/Frameworks",
				);
				MARKETING_VERSION = 1.0;
				PRODUCT_BUNDLE_IDENTIFIER = com.chikku.hackingwithswift.test;
				PRODUCT_NAME = "$(TARGET_NAME)";
				SWIFT_EMIT_LOC_STRINGS = YES;
				SWIFT_VERSION = 5.0;
				TARGETED_DEVICE_FAMILY = "1,2";
			};
			name = Release;
		};
		FF60CAC62C3EA32D00CAE6ED /* Debug */ = {
			isa = XCBuildConfiguration;
			buildSettings = {
				ALWAYS_EMBED_SWIFT_STANDARD_LIBRARIES = YES;
				BUNDLE_LOADER = "$(TEST_HOST)";
				CODE_SIGN_STYLE = Automatic;
				CURRENT_PROJECT_VERSION = 1;
				DEVELOPMENT_TEAM = 2V4U7L99P9;
				GENERATE_INFOPLIST_FILE = YES;
				IPHONEOS_DEPLOYMENT_TARGET = 17.5;
				MARKETING_VERSION = 1.0;
				PRODUCT_BUNDLE_IDENTIFIER = com.chikku.hackingwithswift.testTests;
				PRODUCT_NAME = "$(TARGET_NAME)";
				SWIFT_EMIT_LOC_STRINGS = NO;
				SWIFT_VERSION = 5.0;
				TARGETED_DEVICE_FAMILY = "1,2";
				TEST_HOST = "$(BUILT_PRODUCTS_DIR)/test.app/$(BUNDLE_EXECUTABLE_FOLDER_PATH)/test";
			};
			name = Debug;
		};
		FF60CAC72C3EA32D00CAE6ED /* Release */ = {
			isa = XCBuildConfiguration;
			buildSettings = {
				ALWAYS_EMBED_SWIFT_STANDARD_LIBRARIES = YES;
				BUNDLE_LOADER = "$(TEST_HOST)";
				CODE_SIGN_STYLE = Automatic;
				CURRENT_PROJECT_VERSION = 1;
				DEVELOPMENT_TEAM = 2V4U7L99P9;
				GENERATE_INFOPLIST_FILE = YES;
				IPHONEOS_DEPLOYMENT_TARGET = 17.5;
				MARKETING_VERSION = 1.0;
				PRODUCT_BUNDLE_IDENTIFIER = com.chikku.hackingwithswift.testTests;
				PRODUCT_NAME = "$(TARGET_NAME)";
				SWIFT_EMIT_LOC_STRINGS = NO;
				SWIFT_VERSION = 5.0;
				TARGETED_DEVICE_FAMILY = "1,2";
				TEST_HOST = "$(BUILT_PRODUCTS_DIR)/test.app/$(BUNDLE_EXECUTABLE_FOLDER_PATH)/test";
			};
			name = Release;
		};
		FF60CAC92C3EA32D00CAE6ED /* Debug */ = {
			isa = XCBuildConfiguration;
			buildSettings = {
				ALWAYS_EMBED_SWIFT_STANDARD_LIBRARIES = YES;
				CODE_SIGN_STYLE = Automatic;
				CURRENT_PROJECT_VERSION = 1;
				DEVELOPMENT_TEAM = 2V4U7L99P9;
				GENERATE_INFOPLIST_FILE = YES;
				MARKETING_VERSION = 1.0;
				PRODUCT_BUNDLE_IDENTIFIER = com.chikku.hackingwithswift.testUITests;
				PRODUCT_NAME = "$(TARGET_NAME)";
				SWIFT_EMIT_LOC_STRINGS = NO;
				SWIFT_VERSION = 5.0;
				TARGETED_DEVICE_FAMILY = "1,2";
				TEST_TARGET_NAME = test;
			};
			name = Debug;
		};
		FF60CACA2C3EA32D00CAE6ED /* Release */ = {
			isa = XCBuildConfiguration;
			buildSettings = {
				ALWAYS_EMBED_SWIFT_STANDARD_LIBRARIES = YES;
				CODE_SIGN_STYLE = Automatic;
				CURRENT_PROJECT_VERSION = 1;
				DEVELOPMENT_TEAM = 2V4U7L99P9;
				GENERATE_INFOPLIST_FILE = YES;
				MARKETING_VERSION = 1.0;
				PRODUCT_BUNDLE_IDENTIFIER = com.chikku.hackingwithswift.testUITests;
				PRODUCT_NAME = "$(TARGET_NAME)";
				SWIFT_EMIT_LOC_STRINGS = NO;
				SWIFT_VERSION = 5.0;
				TARGETED_DEVICE_FAMILY = "1,2";
				TEST_TARGET_NAME = test;
			};
			name = Release;
		};
/* End XCBuildConfiguration section */

/* Begin XCConfigurationList section */
		FF60CA932C3EA32A00CAE6ED /* Build configuration list for PBXProject "test" */ = {
			isa = XCConfigurationList;
			buildConfigurations = (
				FF60CAC02C3EA32D00CAE6ED /* Debug */,
				FF60CAC12C3EA32D00CAE6ED /* Release */,
			);
			defaultConfigurationIsVisible = 0;
			defaultConfigurationName = Release;
		};
		FF60CAC22C3EA32D00CAE6ED /* Build configuration list for PBXNativeTarget "test" */ = {
			isa = XCConfigurationList;
			buildConfigurations = (
				FF60CAC32C3EA32D00CAE6ED /* Debug */,
				FF60CAC42C3EA32D00CAE6ED /* Release */,
			);
			defaultConfigurationIsVisible = 0;
			defaultConfigurationName = Release;
		};
		FF60CAC52C3EA32D00CAE6ED /* Build configuration list for PBXNativeTarget "testTests" */ = {
			isa = XCConfigurationList;
			buildConfigurations = (
				FF60CAC62C3EA32D00CAE6ED /* Debug */,
				FF60CAC72C3EA32D00CAE6ED /* Release */,
			);
			defaultConfigurationIsVisible = 0;
			defaultConfigurationName = Release;
		};
		FF60CAC82C3EA32D00CAE6ED /* Build configuration list for PBXNativeTarget "testUITests" */ = {
			isa = XCConfigurationList;
			buildConfigurations = (
				FF60CAC92C3EA32D00CAE6ED /* Debug */,
				FF60CACA2C3EA32D00CAE6ED /* Release */,
			);
			defaultConfigurationIsVisible = 0;
			defaultConfigurationName = Release;
		};
/* End XCConfigurationList section */
	};
	rootObject = FF60CA902C3EA32A00CAE6ED /* Project object */;
}
